
Microsoft Visual Studio Solution File, Format Version 12.00
# Visual Studio 15
Project("{FAE04EC0-301F-11D3-BF4B-00C04F79EFBC}") = "HelloWorld", "HelloWorld.csproj", "{EC966D2B-E721-40A6-9AA6-07A8ECABDE9E}"
EndProject
Global
	GlobalSection(SolutionConfigurationPlatforms) = preSolution
		Debug|Any CPU = Debug|Any CPU
		Release|Any CPU = Release|Any CPU
	EndGlobalSection
	GlobalSection(ProjectConfigurationPlatforms) = postSolution
		{EC966D2B-E721-40A6-9AA6-07A8ECABDE9E}.Debug|Any CPU.ActiveCfg = Debug|Any CPU
		{EC966D2B-E721-40A6-9AA6-07A8ECABDE9E}.Debug|Any CPU.Build.0 = Debug|Any CPU
		{EC966D2B-E721-40A6-9AA6-07A8ECABDE9E}.Release|Any CPU.ActiveCfg = Release|Any CPU
		{EC966D2B-E721-40A6-9AA6-07A8ECABDE9E}.Release|Any CPU.Build.0 = Release|Any CPU
	EndGlobalSection
EndGlobal
